
Microsoft Visual Studio Solution File, Format Version 12.00
# Visual Studio Version 17
VisualStudioVersion = 17.8.34511.84
MinimumVisualStudioVersion = 10.0.40219.1
Project("{FAE04EC0-301F-11D3-BF4B-00C04F79EFBC}") = "ProjectDB02", "ProjectDB02\ProjectDB02.csproj", "{43CD1CAD-ED35-45B8-B60E-B1F013F484C2}"
EndProject
Global
	GlobalSection(SolutionConfigurationPlatforms) = preSolution
		Debug|Any CPU = Debug|Any CPU
		Release|Any CPU = Release|Any CPU
	EndGlobalSection
	GlobalSection(ProjectConfigurationPlatforms) = postSolution
		{43CD1CAD-ED35-45B8-B60E-B1F013F484C2}.Debug|Any CPU.ActiveCfg = Debug|Any CPU
		{43CD1CAD-ED35-45B8-B60E-B1F013F484C2}.Debug|Any CPU.Build.0 = Debug|Any CPU
		{43CD1CAD-ED35-45B8-B60E-B1F013F484C2}.Release|Any CPU.ActiveCfg = Release|Any CPU
		{43CD1CAD-ED35-45B8-B60E-B1F013F484C2}.Release|Any CPU.Build.0 = Release|Any CPU
	EndGlobalSection
	GlobalSection(SolutionProperties) = preSolution
		HideSolutionNode = FALSE
	EndGlobalSection
	GlobalSection(ExtensibilityGlobals) = postSolution
		SolutionGuid = {94BFE8B5-08AA-4D89-B7C9-1761C1BDBF82}
	EndGlobalSection
EndGlobal
