
Microsoft Visual Studio Solution File, Format Version 12.00
# Visual Studio Version 17
VisualStudioVersion = 17.8.34511.84
MinimumVisualStudioVersion = 10.0.40219.1
Project("{FAE04EC0-301F-11D3-BF4B-00C04F79EFBC}") = "AulaVetor01", "AulaVetor01\AulaVetor01.csproj", "{08611EC1-07EB-469F-B27F-EE21433F332F}"
EndProject
Global
	GlobalSection(SolutionConfigurationPlatforms) = preSolution
		Debug|Any CPU = Debug|Any CPU
		Release|Any CPU = Release|Any CPU
	EndGlobalSection
	GlobalSection(ProjectConfigurationPlatforms) = postSolution
		{08611EC1-07EB-469F-B27F-EE21433F332F}.Debug|Any CPU.ActiveCfg = Debug|Any CPU
		{08611EC1-07EB-469F-B27F-EE21433F332F}.Debug|Any CPU.Build.0 = Debug|Any CPU
		{08611EC1-07EB-469F-B27F-EE21433F332F}.Release|Any CPU.ActiveCfg = Release|Any CPU
		{08611EC1-07EB-469F-B27F-EE21433F332F}.Release|Any CPU.Build.0 = Release|Any CPU
	EndGlobalSection
	GlobalSection(SolutionProperties) = preSolution
		HideSolutionNode = FALSE
	EndGlobalSection
	GlobalSection(ExtensibilityGlobals) = postSolution
		SolutionGuid = {8010EE8F-22DA-4EB7-902B-F66C4E7A8E69}
	EndGlobalSection
EndGlobal
