
Microsoft Visual Studio Solution File, Format Version 12.00
# Visual Studio Version 17
VisualStudioVersion = 17.8.34511.84
MinimumVisualStudioVersion = 10.0.40219.1
Project("{FAE04EC0-301F-11D3-BF4B-00C04F79EFBC}") = "AulaForLoop2", "AulaForLoop2\AulaForLoop2.csproj", "{C264FDF5-FB00-4617-A1A4-F22AFA631BAD}"
EndProject
Global
	GlobalSection(SolutionConfigurationPlatforms) = preSolution
		Debug|Any CPU = Debug|Any CPU
		Release|Any CPU = Release|Any CPU
	EndGlobalSection
	GlobalSection(ProjectConfigurationPlatforms) = postSolution
		{C264FDF5-FB00-4617-A1A4-F22AFA631BAD}.Debug|Any CPU.ActiveCfg = Debug|Any CPU
		{C264FDF5-FB00-4617-A1A4-F22AFA631BAD}.Debug|Any CPU.Build.0 = Debug|Any CPU
		{C264FDF5-FB00-4617-A1A4-F22AFA631BAD}.Release|Any CPU.ActiveCfg = Release|Any CPU
		{C264FDF5-FB00-4617-A1A4-F22AFA631BAD}.Release|Any CPU.Build.0 = Release|Any CPU
	EndGlobalSection
	GlobalSection(SolutionProperties) = preSolution
		HideSolutionNode = FALSE
	EndGlobalSection
	GlobalSection(ExtensibilityGlobals) = postSolution
		SolutionGuid = {4C3016AB-0C3E-471E-BAFC-E5EB6CD9E87B}
	EndGlobalSection
EndGlobal
