
Microsoft Visual Studio Solution File, Format Version 12.00
# Visual Studio Version 17
VisualStudioVersion = 17.8.34511.84
MinimumVisualStudioVersion = 10.0.40219.1
Project("{FAE04EC0-301F-11D3-BF4B-00C04F79EFBC}") = "AulaDB1", "AulaDB1\AulaDB1.csproj", "{B71127BC-D2B2-4821-B084-0000E13B7E0A}"
EndProject
Global
	GlobalSection(SolutionConfigurationPlatforms) = preSolution
		Debug|Any CPU = Debug|Any CPU
		Release|Any CPU = Release|Any CPU
	EndGlobalSection
	GlobalSection(ProjectConfigurationPlatforms) = postSolution
		{B71127BC-D2B2-4821-B084-0000E13B7E0A}.Debug|Any CPU.ActiveCfg = Debug|Any CPU
		{B71127BC-D2B2-4821-B084-0000E13B7E0A}.Debug|Any CPU.Build.0 = Debug|Any CPU
		{B71127BC-D2B2-4821-B084-0000E13B7E0A}.Release|Any CPU.ActiveCfg = Release|Any CPU
		{B71127BC-D2B2-4821-B084-0000E13B7E0A}.Release|Any CPU.Build.0 = Release|Any CPU
	EndGlobalSection
	GlobalSection(SolutionProperties) = preSolution
		HideSolutionNode = FALSE
	EndGlobalSection
	GlobalSection(ExtensibilityGlobals) = postSolution
		SolutionGuid = {229E0CEC-02D6-40E0-A3AB-3BC4FC598836}
	EndGlobalSection
EndGlobal
