
Microsoft Visual Studio Solution File, Format Version 12.00
# Visual Studio Version 17
VisualStudioVersion = 17.11.35222.181
MinimumVisualStudioVersion = 10.0.40219.1
Project("{FAE04EC0-301F-11D3-BF4B-00C04F79EFBC}") = "CalcularBhaskara", "CalcularBhaskara\CalcularBhaskara.csproj", "{4B23D71D-D208-47D7-BF2B-42B33E28D270}"
EndProject
Global
	GlobalSection(SolutionConfigurationPlatforms) = preSolution
		Debug|Any CPU = Debug|Any CPU
		Release|Any CPU = Release|Any CPU
	EndGlobalSection
	GlobalSection(ProjectConfigurationPlatforms) = postSolution
		{4B23D71D-D208-47D7-BF2B-42B33E28D270}.Debug|Any CPU.ActiveCfg = Debug|Any CPU
		{4B23D71D-D208-47D7-BF2B-42B33E28D270}.Debug|Any CPU.Build.0 = Debug|Any CPU
		{4B23D71D-D208-47D7-BF2B-42B33E28D270}.Release|Any CPU.ActiveCfg = Release|Any CPU
		{4B23D71D-D208-47D7-BF2B-42B33E28D270}.Release|Any CPU.Build.0 = Release|Any CPU
	EndGlobalSection
	GlobalSection(SolutionProperties) = preSolution
		HideSolutionNode = FALSE
	EndGlobalSection
	GlobalSection(ExtensibilityGlobals) = postSolution
		SolutionGuid = {AB260323-1525-4708-A860-7D38B2B0B5E2}
	EndGlobalSection
EndGlobal
