
Microsoft Visual Studio Solution File, Format Version 12.00
# Visual Studio Version 17
VisualStudioVersion = 17.8.34511.84
MinimumVisualStudioVersion = 10.0.40219.1
Project("{FAE04EC0-301F-11D3-BF4B-00C04F79EFBC}") = "ProvaQuestao02", "ProvaQuestao02\ProvaQuestao02.csproj", "{3219CD3C-A3A6-4503-8273-F004177E4798}"
EndProject
Global
	GlobalSection(SolutionConfigurationPlatforms) = preSolution
		Debug|Any CPU = Debug|Any CPU
		Release|Any CPU = Release|Any CPU
	EndGlobalSection
	GlobalSection(ProjectConfigurationPlatforms) = postSolution
		{3219CD3C-A3A6-4503-8273-F004177E4798}.Debug|Any CPU.ActiveCfg = Debug|Any CPU
		{3219CD3C-A3A6-4503-8273-F004177E4798}.Debug|Any CPU.Build.0 = Debug|Any CPU
		{3219CD3C-A3A6-4503-8273-F004177E4798}.Release|Any CPU.ActiveCfg = Release|Any CPU
		{3219CD3C-A3A6-4503-8273-F004177E4798}.Release|Any CPU.Build.0 = Release|Any CPU
	EndGlobalSection
	GlobalSection(SolutionProperties) = preSolution
		HideSolutionNode = FALSE
	EndGlobalSection
	GlobalSection(ExtensibilityGlobals) = postSolution
		SolutionGuid = {EFE2D63D-7FC0-4034-B49D-28DD62A24200}
	EndGlobalSection
EndGlobal
