
Microsoft Visual Studio Solution File, Format Version 12.00
# Visual Studio Version 17
VisualStudioVersion = 17.8.34511.84
MinimumVisualStudioVersion = 10.0.40219.1
Project("{FAE04EC0-301F-11D3-BF4B-00C04F79EFBC}") = "AulaMatriz01", "AulaMatriz01\AulaMatriz01.csproj", "{D3D44086-A48D-465D-A2F5-A493FC05D911}"
EndProject
Global
	GlobalSection(SolutionConfigurationPlatforms) = preSolution
		Debug|Any CPU = Debug|Any CPU
		Release|Any CPU = Release|Any CPU
	EndGlobalSection
	GlobalSection(ProjectConfigurationPlatforms) = postSolution
		{D3D44086-A48D-465D-A2F5-A493FC05D911}.Debug|Any CPU.ActiveCfg = Debug|Any CPU
		{D3D44086-A48D-465D-A2F5-A493FC05D911}.Debug|Any CPU.Build.0 = Debug|Any CPU
		{D3D44086-A48D-465D-A2F5-A493FC05D911}.Release|Any CPU.ActiveCfg = Release|Any CPU
		{D3D44086-A48D-465D-A2F5-A493FC05D911}.Release|Any CPU.Build.0 = Release|Any CPU
	EndGlobalSection
	GlobalSection(SolutionProperties) = preSolution
		HideSolutionNode = FALSE
	EndGlobalSection
	GlobalSection(ExtensibilityGlobals) = postSolution
		SolutionGuid = {FB9425D4-8CCC-471C-8B88-DFD137C7CD5B}
	EndGlobalSection
EndGlobal
