
Microsoft Visual Studio Solution File, Format Version 12.00
# Visual Studio Version 17
VisualStudioVersion = 17.8.34511.84
MinimumVisualStudioVersion = 10.0.40219.1
Project("{FAE04EC0-301F-11D3-BF4B-00C04F79EFBC}") = "AulaForLoopTabuadaSelecionada", "AulaForLoopTabuadaSelecionada\AulaForLoopTabuadaSelecionada.csproj", "{3A786F90-2B22-4963-BF7A-80B15B24D73D}"
EndProject
Global
	GlobalSection(SolutionConfigurationPlatforms) = preSolution
		Debug|Any CPU = Debug|Any CPU
		Release|Any CPU = Release|Any CPU
	EndGlobalSection
	GlobalSection(ProjectConfigurationPlatforms) = postSolution
		{3A786F90-2B22-4963-BF7A-80B15B24D73D}.Debug|Any CPU.ActiveCfg = Debug|Any CPU
		{3A786F90-2B22-4963-BF7A-80B15B24D73D}.Debug|Any CPU.Build.0 = Debug|Any CPU
		{3A786F90-2B22-4963-BF7A-80B15B24D73D}.Release|Any CPU.ActiveCfg = Release|Any CPU
		{3A786F90-2B22-4963-BF7A-80B15B24D73D}.Release|Any CPU.Build.0 = Release|Any CPU
	EndGlobalSection
	GlobalSection(SolutionProperties) = preSolution
		HideSolutionNode = FALSE
	EndGlobalSection
	GlobalSection(ExtensibilityGlobals) = postSolution
		SolutionGuid = {0946D786-5664-4418-846C-A40FBD3CA600}
	EndGlobalSection
EndGlobal
